// !$*UTF8*$!
{
	archiveVersion = 1;
	classes = {
	};
	objectVersion = 48;
	objects = {

/* Begin PBXBuildFile section */
		CB00F2FA1EFA569E00D72D8B /* AppDelegate.swift in Sources */ = {isa = PBXBuildFile; fileRef = CB00F2F91EFA569E00D72D8B /* AppDelegate.swift */; };
		CB00F2FE1EFA569E00D72D8B /* Assets.xcassets in Resources */ = {isa = PBXBuildFile; fileRef = CB00F2FD1EFA569E00D72D8B /* Assets.xcassets */; };
		CB00F3011EFA569E00D72D8B /* Main.storyboard in Resources */ = {isa = PBXBuildFile; fileRef = CB00F2FF1EFA569E00D72D8B /* Main.storyboard */; };
		CB00F30D1EFA569E00D72D8B /* TSClipEditorTests.swift in Sources */ = {isa = PBXBuildFile; fileRef = CB00F30C1EFA569E00D72D8B /* TSClipEditorTests.swift */; };
		CB1542941F0AA15D00CB0B9C /* IOUtil.swift in Sources */ = {isa = PBXBuildFile; fileRef = CB1542931F0AA15D00CB0B9C /* IOUtil.swift */; };
		CB2087DC1EFAB0AB00C826DB /* EditorWindowController.swift in Sources */ = {isa = PBXBuildFile; fileRef = CB2087DB1EFAB0AB00C826DB /* EditorWindowController.swift */; };
		CB2087DE1EFAC8BF00C826DB /* ClipEditViewController.swift in Sources */ = {isa = PBXBuildFile; fileRef = CB2087DD1EFAC8BF00C826DB /* ClipEditViewController.swift */; };
		CB3A436B1F0023FB0006BC46 /* libavcodec.a in Frameworks */ = {isa = PBXBuildFile; fileRef = CB3B12F21F0022B2004E5879 /* libavcodec.a */; };
		CB3A436C1F0023FB0006BC46 /* libavdevice.a in Frameworks */ = {isa = PBXBuildFile; fileRef = CB3B12F11F0022B2004E5879 /* libavdevice.a */; };
		CB3A436D1F0023FB0006BC46 /* libavformat.a in Frameworks */ = {isa = PBXBuildFile; fileRef = CB3B12F31F0022B2004E5879 /* libavformat.a */; };
		CB3A43741F0023FE0006BC46 /* libswresample.a in Frameworks */ = {isa = PBXBuildFile; fileRef = CB3A436E1F0023FE0006BC46 /* libswresample.a */; };
		CB3A43751F0023FE0006BC46 /* libpostproc.a in Frameworks */ = {isa = PBXBuildFile; fileRef = CB3A436F1F0023FE0006BC46 /* libpostproc.a */; };
		CB3A43761F0023FE0006BC46 /* libswscale.a in Frameworks */ = {isa = PBXBuildFile; fileRef = CB3A43701F0023FE0006BC46 /* libswscale.a */; };
		CB3A43771F0023FE0006BC46 /* libavutil.a in Frameworks */ = {isa = PBXBuildFile; fileRef = CB3A43711F0023FE0006BC46 /* libavutil.a */; };
		CB3A43781F0023FE0006BC46 /* libavresample.a in Frameworks */ = {isa = PBXBuildFile; fileRef = CB3A43721F0023FE0006BC46 /* libavresample.a */; };
		CB3A43791F0023FE0006BC46 /* libavfilter.a in Frameworks */ = {isa = PBXBuildFile; fileRef = CB3A43731F0023FE0006BC46 /* libavfilter.a */; };
		CB3A438B1F0027020006BC46 /* ffmpeg.c in Sources */ = {isa = PBXBuildFile; fileRef = CB3A438A1F0027020006BC46 /* ffmpeg.c */; };
		CB938EAA1F00A169006E6FFC /* TSPropertyViewController.swift in Sources */ = {isa = PBXBuildFile; fileRef = CB938EA91F00A169006E6FFC /* TSPropertyViewController.swift */; };
		CB938EAC1F00DE9B006E6FFC /* NSOpenPanel-Extension.swift in Sources */ = {isa = PBXBuildFile; fileRef = CB938EAB1F00DE9B006E6FFC /* NSOpenPanel-Extension.swift */; };
		CBEF1E641F01FDBD00FA8A9E /* TSClipEditorViewController.swift in Sources */ = {isa = PBXBuildFile; fileRef = CBEF1E631F01FDBD00FA8A9E /* TSClipEditorViewController.swift */; };
		CBF5DE641F04A15600BC0D4A /* MultipleRangeSlider.swift in Sources */ = {isa = PBXBuildFile; fileRef = CBF5DE611F049F4F00BC0D4A /* MultipleRangeSlider.swift */; };
		CBF5DE651F04A16C00BC0D4A /* RangeSliderThumbView.swift in Sources */ = {isa = PBXBuildFile; fileRef = CBF5DE601F049F4F00BC0D4A /* RangeSliderThumbView.swift */; };
/* End PBXBuildFile section */

/* Begin PBXContainerItemProxy section */
		CB00F3091EFA569E00D72D8B /* PBXContainerItemProxy */ = {
			isa = PBXContainerItemProxy;
			containerPortal = CB00F2EE1EFA569E00D72D8B /* Project object */;
			proxyType = 1;
			remoteGlobalIDString = CB00F2F51EFA569E00D72D8B;
			remoteInfo = TSClipEditor;
		};
/* End PBXContainerItemProxy section */

/* Begin PBXFileReference section */
		CB00F2F61EFA569E00D72D8B /* TSClipEditor.app */ = {isa = PBXFileReference; explicitFileType = wrapper.application; includeInIndex = 0; path = TSClipEditor.app; sourceTree = BUILT_PRODUCTS_DIR; };
		CB00F2F91EFA569E00D72D8B /* AppDelegate.swift */ = {isa = PBXFileReference; lastKnownFileType = sourcecode.swift; path = AppDelegate.swift; sourceTree = "<group>"; };
		CB00F2FD1EFA569E00D72D8B /* Assets.xcassets */ = {isa = PBXFileReference; lastKnownFileType = folder.assetcatalog; path = Assets.xcassets; sourceTree = "<group>"; };
		CB00F3001EFA569E00D72D8B /* Base */ = {isa = PBXFileReference; lastKnownFileType = file.storyboard; name = Base; path = Base.lproj/Main.storyboard; sourceTree = "<group>"; };
		CB00F3021EFA569E00D72D8B /* Info.plist */ = {isa = PBXFileReference; lastKnownFileType = text.plist.xml; path = Info.plist; sourceTree = "<group>"; };
		CB00F3031EFA569E00D72D8B /* TSClipEditor.entitlements */ = {isa = PBXFileReference; lastKnownFileType = text.plist.entitlements; path = TSClipEditor.entitlements; sourceTree = "<group>"; };
		CB00F3081EFA569E00D72D8B /* TSClipEditorTests.xctest */ = {isa = PBXFileReference; explicitFileType = wrapper.cfbundle; includeInIndex = 0; path = TSClipEditorTests.xctest; sourceTree = BUILT_PRODUCTS_DIR; };
		CB00F30C1EFA569E00D72D8B /* TSClipEditorTests.swift */ = {isa = PBXFileReference; lastKnownFileType = sourcecode.swift; path = TSClipEditorTests.swift; sourceTree = "<group>"; };
		CB00F30E1EFA569E00D72D8B /* Info.plist */ = {isa = PBXFileReference; lastKnownFileType = text.plist.xml; path = Info.plist; sourceTree = "<group>"; };
		CB1542931F0AA15D00CB0B9C /* IOUtil.swift */ = {isa = PBXFileReference; lastKnownFileType = sourcecode.swift; path = IOUtil.swift; sourceTree = "<group>"; };
		CB2087DB1EFAB0AB00C826DB /* EditorWindowController.swift */ = {isa = PBXFileReference; lastKnownFileType = sourcecode.swift; path = EditorWindowController.swift; sourceTree = "<group>"; };
		CB2087DD1EFAC8BF00C826DB /* ClipEditViewController.swift */ = {isa = PBXFileReference; lastKnownFileType = sourcecode.swift; path = ClipEditViewController.swift; sourceTree = "<group>"; };
		CB3A436E1F0023FE0006BC46 /* libswresample.a */ = {isa = PBXFileReference; lastKnownFileType = archive.ar; name = libswresample.a; path = ../../../../../usr/local/lib/libswresample.a; sourceTree = "<group>"; };
		CB3A436F1F0023FE0006BC46 /* libpostproc.a */ = {isa = PBXFileReference; lastKnownFileType = archive.ar; name = libpostproc.a; path = ../../../../../usr/local/lib/libpostproc.a; sourceTree = "<group>"; };
		CB3A43701F0023FE0006BC46 /* libswscale.a */ = {isa = PBXFileReference; lastKnownFileType = archive.ar; name = libswscale.a; path = ../../../../../usr/local/lib/libswscale.a; sourceTree = "<group>"; };
		CB3A43711F0023FE0006BC46 /* libavutil.a */ = {isa = PBXFileReference; lastKnownFileType = archive.ar; name = libavutil.a; path = ../../../../../usr/local/lib/libavutil.a; sourceTree = "<group>"; };
		CB3A43721F0023FE0006BC46 /* libavresample.a */ = {isa = PBXFileReference; lastKnownFileType = archive.ar; name = libavresample.a; path = ../../../../../usr/local/lib/libavresample.a; sourceTree = "<group>"; };
		CB3A43731F0023FE0006BC46 /* libavfilter.a */ = {isa = PBXFileReference; lastKnownFileType = archive.ar; name = libavfilter.a; path = ../../../../../usr/local/lib/libavfilter.a; sourceTree = "<group>"; };
		CB3A437A1F0025030006BC46 /* libiconv.tbd */ = {isa = PBXFileReference; lastKnownFileType = "sourcecode.text-based-dylib-definition"; name = libiconv.tbd; path = usr/lib/libiconv.tbd; sourceTree = SDKROOT; };
		CB3A437B1F00250E0006BC46 /* libbz2.tbd */ = {isa = PBXFileReference; lastKnownFileType = "sourcecode.text-based-dylib-definition"; name = libbz2.tbd; path = usr/lib/libbz2.tbd; sourceTree = SDKROOT; };
		CB3A437C1F0025180006BC46 /* libz.tbd */ = {isa = PBXFileReference; lastKnownFileType = "sourcecode.text-based-dylib-definition"; name = libz.tbd; path = usr/lib/libz.tbd; sourceTree = SDKROOT; };
		CB3A43881F0027020006BC46 /* TSClipEditor-Bridging-Header.h */ = {isa = PBXFileReference; lastKnownFileType = sourcecode.c.h; path = "TSClipEditor-Bridging-Header.h"; sourceTree = "<group>"; };
		CB3A43891F0027020006BC46 /* ffmpeg.h */ = {isa = PBXFileReference; lastKnownFileType = sourcecode.c.h; path = ffmpeg.h; sourceTree = "<group>"; };
		CB3A438A1F0027020006BC46 /* ffmpeg.c */ = {isa = PBXFileReference; lastKnownFileType = sourcecode.c.c; path = ffmpeg.c; sourceTree = "<group>"; };
		CB3B12F11F0022B2004E5879 /* libavdevice.a */ = {isa = PBXFileReference; lastKnownFileType = archive.ar; name = libavdevice.a; path = ../../../../../usr/local/lib/libavdevice.a; sourceTree = "<group>"; };
		CB3B12F21F0022B2004E5879 /* libavcodec.a */ = {isa = PBXFileReference; lastKnownFileType = archive.ar; name = libavcodec.a; path = ../../../../../usr/local/lib/libavcodec.a; sourceTree = "<group>"; };
		CB3B12F31F0022B2004E5879 /* libavformat.a */ = {isa = PBXFileReference; lastKnownFileType = archive.ar; name = libavformat.a; path = ../../../../../usr/local/lib/libavformat.a; sourceTree = "<group>"; };
		CB938EA91F00A169006E6FFC /* TSPropertyViewController.swift */ = {isa = PBXFileReference; lastKnownFileType = sourcecode.swift; path = TSPropertyViewController.swift; sourceTree = "<group>"; };
		CB938EAB1F00DE9B006E6FFC /* NSOpenPanel-Extension.swift */ = {isa = PBXFileReference; lastKnownFileType = sourcecode.swift; path = "NSOpenPanel-Extension.swift"; sourceTree = "<group>"; };
		CBEF1E631F01FDBD00FA8A9E /* TSClipEditorViewController.swift */ = {isa = PBXFileReference; lastKnownFileType = sourcecode.swift; path = TSClipEditorViewController.swift; sourceTree = "<group>"; };
		CBF5DE601F049F4F00BC0D4A /* RangeSliderThumbView.swift */ = {isa = PBXFileReference; lastKnownFileType = sourcecode.swift; path = RangeSliderThumbView.swift; sourceTree = "<group>"; };
		CBF5DE611F049F4F00BC0D4A /* MultipleRangeSlider.swift */ = {isa = PBXFileReference; lastKnownFileType = sourcecode.swift; path = MultipleRangeSlider.swift; sourceTree = "<group>"; };
/* End PBXFileReference section */

/* Begin PBXFrameworksBuildPhase section */
		CB00F2F31EFA569E00D72D8B /* Frameworks */ = {
			isa = PBXFrameworksBuildPhase;
			buildActionMask = 2147483647;
			files = (
				CB3A43741F0023FE0006BC46 /* libswresample.a in Frameworks */,
				CB3A43751F0023FE0006BC46 /* libpostproc.a in Frameworks */,
				CB3A43761F0023FE0006BC46 /* libswscale.a in Frameworks */,
				CB3A43771F0023FE0006BC46 /* libavutil.a in Frameworks */,
				CB3A43781F0023FE0006BC46 /* libavresample.a in Frameworks */,
				CB3A43791F0023FE0006BC46 /* libavfilter.a in Frameworks */,
				CB3A436B1F0023FB0006BC46 /* libavcodec.a in Frameworks */,
				CB3A436C1F0023FB0006BC46 /* libavdevice.a in Frameworks */,
				CB3A436D1F0023FB0006BC46 /* libavformat.a in Frameworks */,
			);
			runOnlyForDeploymentPostprocessing = 0;
		};
		CB00F3051EFA569E00D72D8B /* Frameworks */ = {
			isa = PBXFrameworksBuildPhase;
			buildActionMask = 2147483647;
			files = (
			);
			runOnlyForDeploymentPostprocessing = 0;
		};
/* End PBXFrameworksBuildPhase section */

/* Begin PBXGroup section */
		CB00F2ED1EFA569E00D72D8B = {
			isa = PBXGroup;
			children = (
				CB3A437D1F0026E50006BC46 /* ffmpeg */,
				CB00F2F81EFA569E00D72D8B /* TSClipEditor */,
				CB00F30B1EFA569E00D72D8B /* TSClipEditorTests */,
				CB00F2F71EFA569E00D72D8B /* Products */,
				CB3B12EF1F0022AB004E5879 /* Frameworks */,
			);
			sourceTree = "<group>";
		};
		CB00F2F71EFA569E00D72D8B /* Products */ = {
			isa = PBXGroup;
			children = (
				CB00F2F61EFA569E00D72D8B /* TSClipEditor.app */,
				CB00F3081EFA569E00D72D8B /* TSClipEditorTests.xctest */,
			);
			name = Products;
			sourceTree = "<group>";
		};
		CB00F2F81EFA569E00D72D8B /* TSClipEditor */ = {
			isa = PBXGroup;
			children = (
				CB1542921F0AA13B00CB0B9C /* IO */,
				CBF5DE631F049F6F00BC0D4A /* RangeControl */,
				CBF5DE621F049F5900BC0D4A /* Controller */,
				CB00F2F91EFA569E00D72D8B /* AppDelegate.swift */,
				CB00F2FD1EFA569E00D72D8B /* Assets.xcassets */,
				CB00F2FF1EFA569E00D72D8B /* Main.storyboard */,
				CB00F3021EFA569E00D72D8B /* Info.plist */,
				CB00F3031EFA569E00D72D8B /* TSClipEditor.entitlements */,
				CB938EAB1F00DE9B006E6FFC /* NSOpenPanel-Extension.swift */,
			);
			path = TSClipEditor;
			sourceTree = "<group>";
		};
		CB00F30B1EFA569E00D72D8B /* TSClipEditorTests */ = {
			isa = PBXGroup;
			children = (
				CB00F30C1EFA569E00D72D8B /* TSClipEditorTests.swift */,
				CB00F30E1EFA569E00D72D8B /* Info.plist */,
			);
			path = TSClipEditorTests;
			sourceTree = "<group>";
		};
		CB1542921F0AA13B00CB0B9C /* IO */ = {
			isa = PBXGroup;
			children = (
				CB1542931F0AA15D00CB0B9C /* IOUtil.swift */,
			);
			path = IO;
			sourceTree = "<group>";
		};
		CB3A437D1F0026E50006BC46 /* ffmpeg */ = {
			isa = PBXGroup;
			children = (
				CB3A43891F0027020006BC46 /* ffmpeg.h */,
				CB3A438A1F0027020006BC46 /* ffmpeg.c */,
				CB3A43881F0027020006BC46 /* TSClipEditor-Bridging-Header.h */,
			);
			path = ffmpeg;
			sourceTree = "<group>";
		};
		CB3B12EF1F0022AB004E5879 /* Frameworks */ = {
			isa = PBXGroup;
			children = (
				CB3A437C1F0025180006BC46 /* libz.tbd */,
				CB3A437B1F00250E0006BC46 /* libbz2.tbd */,
				CB3A437A1F0025030006BC46 /* libiconv.tbd */,
				CB3A43731F0023FE0006BC46 /* libavfilter.a */,
				CB3A43721F0023FE0006BC46 /* libavresample.a */,
				CB3A43711F0023FE0006BC46 /* libavutil.a */,
				CB3A436F1F0023FE0006BC46 /* libpostproc.a */,
				CB3A436E1F0023FE0006BC46 /* libswresample.a */,
				CB3A43701F0023FE0006BC46 /* libswscale.a */,
				CB3B12F21F0022B2004E5879 /* libavcodec.a */,
				CB3B12F11F0022B2004E5879 /* libavdevice.a */,
				CB3B12F31F0022B2004E5879 /* libavformat.a */,
			);
			name = Frameworks;
			sourceTree = "<group>";
		};
		CBF5DE621F049F5900BC0D4A /* Controller */ = {
			isa = PBXGroup;
			children = (
				CB2087DB1EFAB0AB00C826DB /* EditorWindowController.swift */,
				CB2087DD1EFAC8BF00C826DB /* ClipEditViewController.swift */,
				CB938EA91F00A169006E6FFC /* TSPropertyViewController.swift */,
				CBEF1E631F01FDBD00FA8A9E /* TSClipEditorViewController.swift */,
			);
			path = Controller;
			sourceTree = "<group>";
		};
		CBF5DE631F049F6F00BC0D4A /* RangeControl */ = {
			isa = PBXGroup;
			children = (
				CBF5DE611F049F4F00BC0D4A /* MultipleRangeSlider.swift */,
				CBF5DE601F049F4F00BC0D4A /* RangeSliderThumbView.swift */,
			);
			path = RangeControl;
			sourceTree = "<group>";
		};
/* End PBXGroup section */

/* Begin PBXNativeTarget section */
		CB00F2F51EFA569E00D72D8B /* TSClipEditor */ = {
			isa = PBXNativeTarget;
			buildConfigurationList = CB00F3111EFA569E00D72D8B /* Build configuration list for PBXNativeTarget "TSClipEditor" */;
			buildPhases = (
				CB00F2F21EFA569E00D72D8B /* Sources */,
				CB00F2F31EFA569E00D72D8B /* Frameworks */,
				CB00F2F41EFA569E00D72D8B /* Resources */,
			);
			buildRules = (
			);
			dependencies = (
			);
			name = TSClipEditor;
			productName = TSClipEditor;
			productReference = CB00F2F61EFA569E00D72D8B /* TSClipEditor.app */;
			productType = "com.apple.product-type.application";
		};
		CB00F3071EFA569E00D72D8B /* TSClipEditorTests */ = {
			isa = PBXNativeTarget;
			buildConfigurationList = CB00F3141EFA569E00D72D8B /* Build configuration list for PBXNativeTarget "TSClipEditorTests" */;
			buildPhases = (
				CB00F3041EFA569E00D72D8B /* Sources */,
				CB00F3051EFA569E00D72D8B /* Frameworks */,
				CB00F3061EFA569E00D72D8B /* Resources */,
			);
			buildRules = (
			);
			dependencies = (
				CB00F30A1EFA569E00D72D8B /* PBXTargetDependency */,
			);
			name = TSClipEditorTests;
			productName = TSClipEditorTests;
			productReference = CB00F3081EFA569E00D72D8B /* TSClipEditorTests.xctest */;
			productType = "com.apple.product-type.bundle.unit-test";
		};
/* End PBXNativeTarget section */

/* Begin PBXProject section */
		CB00F2EE1EFA569E00D72D8B /* Project object */ = {
			isa = PBXProject;
			attributes = {
				LastSwiftUpdateCheck = 0900;
				LastUpgradeCheck = 0900;
				ORGANIZATIONNAME = shion;
				TargetAttributes = {
					CB00F2F51EFA569E00D72D8B = {
						CreatedOnToolsVersion = 9.0;
						LastSwiftMigration = 0900;
						ProvisioningStyle = Manual;
					};
					CB00F3071EFA569E00D72D8B = {
						CreatedOnToolsVersion = 9.0;
						TestTargetID = CB00F2F51EFA569E00D72D8B;
					};
				};
			};
			buildConfigurationList = CB00F2F11EFA569E00D72D8B /* Build configuration list for PBXProject "TSClipEditor" */;
			compatibilityVersion = "Xcode 8.0";
			developmentRegion = en;
			hasScannedForEncodings = 0;
			knownRegions = (
				en,
				Base,
			);
			mainGroup = CB00F2ED1EFA569E00D72D8B;
			productRefGroup = CB00F2F71EFA569E00D72D8B /* Products */;
			projectDirPath = "";
			projectRoot = "";
			targets = (
				CB00F2F51EFA569E00D72D8B /* TSClipEditor */,
				CB00F3071EFA569E00D72D8B /* TSClipEditorTests */,
			);
		};
/* End PBXProject section */

/* Begin PBXResourcesBuildPhase section */
		CB00F2F41EFA569E00D72D8B /* Resources */ = {
			isa = PBXResourcesBuildPhase;
			buildActionMask = 2147483647;
			files = (
				CB00F2FE1EFA569E00D72D8B /* Assets.xcassets in Resources */,
				CB00F3011EFA569E00D72D8B /* Main.storyboard in Resources */,
			);
			runOnlyForDeploymentPostprocessing = 0;
		};
		CB00F3061EFA569E00D72D8B /* Resources */ = {
			isa = PBXResourcesBuildPhase;
			buildActionMask = 2147483647;
			files = (
			);
			runOnlyForDeploymentPostprocessing = 0;
		};
/* End PBXResourcesBuildPhase section */

/* Begin PBXSourcesBuildPhase section */
		CB00F2F21EFA569E00D72D8B /* Sources */ = {
			isa = PBXSourcesBuildPhase;
			buildActionMask = 2147483647;
			files = (
				CBF5DE641F04A15600BC0D4A /* MultipleRangeSlider.swift in Sources */,
				CB2087DE1EFAC8BF00C826DB /* ClipEditViewController.swift in Sources */,
				CB938EAC1F00DE9B006E6FFC /* NSOpenPanel-Extension.swift in Sources */,
				CB1542941F0AA15D00CB0B9C /* IOUtil.swift in Sources */,
				CB2087DC1EFAB0AB00C826DB /* EditorWindowController.swift in Sources */,
				CBEF1E641F01FDBD00FA8A9E /* TSClipEditorViewController.swift in Sources */,
				CBF5DE651F04A16C00BC0D4A /* RangeSliderThumbView.swift in Sources */,
				CB3A438B1F0027020006BC46 /* ffmpeg.c in Sources */,
				CB00F2FA1EFA569E00D72D8B /* AppDelegate.swift in Sources */,
				CB938EAA1F00A169006E6FFC /* TSPropertyViewController.swift in Sources */,
			);
			runOnlyForDeploymentPostprocessing = 0;
		};
		CB00F3041EFA569E00D72D8B /* Sources */ = {
			isa = PBXSourcesBuildPhase;
			buildActionMask = 2147483647;
			files = (
				CB00F30D1EFA569E00D72D8B /* TSClipEditorTests.swift in Sources */,
			);
			runOnlyForDeploymentPostprocessing = 0;
		};
/* End PBXSourcesBuildPhase section */

/* Begin PBXTargetDependency section */
		CB00F30A1EFA569E00D72D8B /* PBXTargetDependency */ = {
			isa = PBXTargetDependency;
			target = CB00F2F51EFA569E00D72D8B /* TSClipEditor */;
			targetProxy = CB00F3091EFA569E00D72D8B /* PBXContainerItemProxy */;
		};
/* End PBXTargetDependency section */

/* Begin PBXVariantGroup section */
		CB00F2FF1EFA569E00D72D8B /* Main.storyboard */ = {
			isa = PBXVariantGroup;
			children = (
				CB00F3001EFA569E00D72D8B /* Base */,
			);
			name = Main.storyboard;
			sourceTree = "<group>";
		};
/* End PBXVariantGroup section */

/* Begin XCBuildConfiguration section */
		CB00F30F1EFA569E00D72D8B /* Debug */ = {
			isa = XCBuildConfiguration;
			buildSettings = {
				ALWAYS_SEARCH_USER_PATHS = NO;
				CLANG_ANALYZER_NONNULL = YES;
				CLANG_ANALYZER_NUMBER_OBJECT_CONVERSION = YES_AGGRESSIVE;
				CLANG_CXX_LANGUAGE_STANDARD = "gnu++14";
				CLANG_CXX_LIBRARY = "libc++";
				CLANG_ENABLE_MODULES = YES;
				CLANG_ENABLE_OBJC_ARC = YES;
				CLANG_WARN_BLOCK_CAPTURE_AUTORELEASING = YES;
				CLANG_WARN_BOOL_CONVERSION = YES;
				CLANG_WARN_COMMA = YES;
				CLANG_WARN_CONSTANT_CONVERSION = YES;
				CLANG_WARN_DIRECT_OBJC_ISA_USAGE = YES_ERROR;
				CLANG_WARN_DOCUMENTATION_COMMENTS = YES;
				CLANG_WARN_EMPTY_BODY = YES;
				CLANG_WARN_ENUM_CONVERSION = YES;
				CLANG_WARN_INFINITE_RECURSION = YES;
				CLANG_WARN_INT_CONVERSION = YES;
				CLANG_WARN_OBJC_ROOT_CLASS = YES_ERROR;
				CLANG_WARN_RANGE_LOOP_ANALYSIS = YES;
				CLANG_WARN_STRICT_PROTOTYPES = YES;
				CLANG_WARN_SUSPICIOUS_MOVE = YES;
				CLANG_WARN_UNGUARDED_AVAILABILITY = YES_AGGRESSIVE;
				CLANG_WARN_UNREACHABLE_CODE = YES;
				CLANG_WARN__DUPLICATE_METHOD_MATCH = YES;
				CODE_SIGN_IDENTITY = "Mac Developer";
				COPY_PHASE_STRIP = NO;
				DEBUG_INFORMATION_FORMAT = dwarf;
				ENABLE_STRICT_OBJC_MSGSEND = YES;
				ENABLE_TESTABILITY = YES;
				GCC_C_LANGUAGE_STANDARD = gnu11;
				GCC_DYNAMIC_NO_PIC = NO;
				GCC_NO_COMMON_BLOCKS = YES;
				GCC_OPTIMIZATION_LEVEL = 0;
				GCC_PREPROCESSOR_DEFINITIONS = (
					"DEBUG=1",
					"$(inherited)",
				);
				GCC_WARN_64_TO_32_BIT_CONVERSION = YES;
				GCC_WARN_ABOUT_RETURN_TYPE = YES_ERROR;
				GCC_WARN_UNDECLARED_SELECTOR = YES;
				GCC_WARN_UNINITIALIZED_AUTOS = YES_AGGRESSIVE;
				GCC_WARN_UNUSED_FUNCTION = YES;
				GCC_WARN_UNUSED_VARIABLE = YES;
				MACOSX_DEPLOYMENT_TARGET = 10.13;
				MTL_ENABLE_DEBUG_INFO = YES;
				ONLY_ACTIVE_ARCH = YES;
				SDKROOT = macosx;
				SWIFT_ACTIVE_COMPILATION_CONDITIONS = DEBUG;
				SWIFT_OPTIMIZATION_LEVEL = "-Onone";
			};
			name = Debug;
		};
		CB00F3101EFA569E00D72D8B /* Release */ = {
			isa = XCBuildConfiguration;
			buildSettings = {
				ALWAYS_SEARCH_USER_PATHS = NO;
				CLANG_ANALYZER_NONNULL = YES;
				CLANG_ANALYZER_NUMBER_OBJECT_CONVERSION = YES_AGGRESSIVE;
				CLANG_CXX_LANGUAGE_STANDARD = "gnu++14";
				CLANG_CXX_LIBRARY = "libc++";
				CLANG_ENABLE_MODULES = YES;
				CLANG_ENABLE_OBJC_ARC = YES;
				CLANG_WARN_BLOCK_CAPTURE_AUTORELEASING = YES;
				CLANG_WARN_BOOL_CONVERSION = YES;
				CLANG_WARN_COMMA = YES;
				CLANG_WARN_CONSTANT_CONVERSION = YES;
				CLANG_WARN_DIRECT_OBJC_ISA_USAGE = YES_ERROR;
				CLANG_WARN_DOCUMENTATION_COMMENTS = YES;
				CLANG_WARN_EMPTY_BODY = YES;
				CLANG_WARN_ENUM_CONVERSION = YES;
				CLANG_WARN_INFINITE_RECURSION = YES;
				CLANG_WARN_INT_CONVERSION = YES;
				CLANG_WARN_OBJC_ROOT_CLASS = YES_ERROR;
				CLANG_WARN_RANGE_LOOP_ANALYSIS = YES;
				CLANG_WARN_STRICT_PROTOTYPES = YES;
				CLANG_WARN_SUSPICIOUS_MOVE = YES;
				CLANG_WARN_UNGUARDED_AVAILABILITY = YES_AGGRESSIVE;
				CLANG_WARN_UNREACHABLE_CODE = YES;
				CLANG_WARN__DUPLICATE_METHOD_MATCH = YES;
				CODE_SIGN_IDENTITY = "Mac Developer";
				COPY_PHASE_STRIP = NO;
				DEBUG_INFORMATION_FORMAT = "dwarf-with-dsym";
				ENABLE_NS_ASSERTIONS = NO;
				ENABLE_STRICT_OBJC_MSGSEND = YES;
				GCC_C_LANGUAGE_STANDARD = gnu11;
				GCC_NO_COMMON_BLOCKS = YES;
				GCC_WARN_64_TO_32_BIT_CONVERSION = YES;
				GCC_WARN_ABOUT_RETURN_TYPE = YES_ERROR;
				GCC_WARN_UNDECLARED_SELECTOR = YES;
				GCC_WARN_UNINITIALIZED_AUTOS = YES_AGGRESSIVE;
				GCC_WARN_UNUSED_FUNCTION = YES;
				GCC_WARN_UNUSED_VARIABLE = YES;
				MACOSX_DEPLOYMENT_TARGET = 10.13;
				MTL_ENABLE_DEBUG_INFO = NO;
				SDKROOT = macosx;
				SWIFT_OPTIMIZATION_LEVEL = "-Owholemodule";
			};
			name = Release;
		};
		CB00F3121EFA569E00D72D8B /* Debug */ = {
			isa = XCBuildConfiguration;
			buildSettings = {
				ASSETCATALOG_COMPILER_APPICON_NAME = AppIcon;
				CLANG_ENABLE_MODULES = YES;
				CODE_SIGN_ENTITLEMENTS = TSClipEditor/TSClipEditor.entitlements;
				CODE_SIGN_IDENTITY = "Mac Developer";
				CODE_SIGN_STYLE = Manual;
				COMBINE_HIDPI_IMAGES = YES;
				DEVELOPMENT_TEAM = "";
				HEADER_SEARCH_PATHS = /usr/local/include;
				INFOPLIST_FILE = TSClipEditor/Info.plist;
				LD_RUNPATH_SEARCH_PATHS = "$(inherited) @executable_path/../Frameworks";
				LIBRARY_SEARCH_PATHS = /usr/local/lib;
				MACOSX_DEPLOYMENT_TARGET = 10.10;
				PRODUCT_BUNDLE_IDENTIFIER = com.shion.TSClipEditor;
				PRODUCT_NAME = "$(TARGET_NAME)";
				PROVISIONING_PROFILE_SPECIFIER = "";
				SWIFT_OBJC_BRIDGING_HEADER = "ffmpeg/TSClipEditor-Bridging-Header.h";
				SWIFT_OPTIMIZATION_LEVEL = "-Onone";
				SWIFT_VERSION = 4.0;
			};
			name = Debug;
		};
		CB00F3131EFA569E00D72D8B /* Release */ = {
			isa = XCBuildConfiguration;
			buildSettings = {
				ASSETCATALOG_COMPILER_APPICON_NAME = AppIcon;
				CLANG_ENABLE_MODULES = YES;
				CODE_SIGN_ENTITLEMENTS = TSClipEditor/TSClipEditor.entitlements;
				CODE_SIGN_IDENTITY = "Mac Developer";
				CODE_SIGN_STYLE = Manual;
				COMBINE_HIDPI_IMAGES = YES;
				DEVELOPMENT_TEAM = "";
				HEADER_SEARCH_PATHS = /usr/local/include;
				INFOPLIST_FILE = TSClipEditor/Info.plist;
				LD_RUNPATH_SEARCH_PATHS = "$(inherited) @executable_path/../Frameworks";
				LIBRARY_SEARCH_PATHS = /usr/local/lib;
				MACOSX_DEPLOYMENT_TARGET = 10.10;
				PRODUCT_BUNDLE_IDENTIFIER = com.shion.TSClipEditor;
				PRODUCT_NAME = "$(TARGET_NAME)";
				PROVISIONING_PROFILE_SPECIFIER = "";
				SWIFT_OBJC_BRIDGING_HEADER = "ffmpeg/TSClipEditor-Bridging-Header.h";
				SWIFT_VERSION = 4.0;
			};
			name = Release;
		};
		CB00F3151EFA569E00D72D8B /* Debug */ = {
			isa = XCBuildConfiguration;
			buildSettings = {
				ALWAYS_EMBED_SWIFT_STANDARD_LIBRARIES = YES;
				BUNDLE_LOADER = "$(TEST_HOST)";
				COMBINE_HIDPI_IMAGES = YES;
				DEVELOPMENT_TEAM = 392DCPHLMM;
				INFOPLIST_FILE = TSClipEditorTests/Info.plist;
				LD_RUNPATH_SEARCH_PATHS = "$(inherited) @executable_path/../Frameworks @loader_path/../Frameworks";
				PRODUCT_BUNDLE_IDENTIFIER = com.shion.TSClipEditorTests;
				PRODUCT_NAME = "$(TARGET_NAME)";
				SWIFT_VERSION = 4.0;
				TEST_HOST = "$(BUILT_PRODUCTS_DIR)/TSClipEditor.app/Contents/MacOS/TSClipEditor";
			};
			name = Debug;
		};
		CB00F3161EFA569E00D72D8B /* Release */ = {
			isa = XCBuildConfiguration;
			buildSettings = {
				ALWAYS_EMBED_SWIFT_STANDARD_LIBRARIES = YES;
				BUNDLE_LOADER = "$(TEST_HOST)";
				COMBINE_HIDPI_IMAGES = YES;
				DEVELOPMENT_TEAM = 392DCPHLMM;
				INFOPLIST_FILE = TSClipEditorTests/Info.plist;
				LD_RUNPATH_SEARCH_PATHS = "$(inherited) @executable_path/../Frameworks @loader_path/../Frameworks";
				PRODUCT_BUNDLE_IDENTIFIER = com.shion.TSClipEditorTests;
				PRODUCT_NAME = "$(TARGET_NAME)";
				SWIFT_VERSION = 4.0;
				TEST_HOST = "$(BUILT_PRODUCTS_DIR)/TSClipEditor.app/Contents/MacOS/TSClipEditor";
			};
			name = Release;
		};
/* End XCBuildConfiguration section */

/* Begin XCConfigurationList section */
		CB00F2F11EFA569E00D72D8B /* Build configuration list for PBXProject "TSClipEditor" */ = {
			isa = XCConfigurationList;
			buildConfigurations = (
				CB00F30F1EFA569E00D72D8B /* Debug */,
				CB00F3101EFA569E00D72D8B /* Release */,
			);
			defaultConfigurationIsVisible = 0;
			defaultConfigurationName = Release;
		};
		CB00F3111EFA569E00D72D8B /* Build configuration list for PBXNativeTarget "TSClipEditor" */ = {
			isa = XCConfigurationList;
			buildConfigurations = (
				CB00F3121EFA569E00D72D8B /* Debug */,
				CB00F3131EFA569E00D72D8B /* Release */,
			);
			defaultConfigurationIsVisible = 0;
			defaultConfigurationName = Release;
		};
		CB00F3141EFA569E00D72D8B /* Build configuration list for PBXNativeTarget "TSClipEditorTests" */ = {
			isa = XCConfigurationList;
			buildConfigurations = (
				CB00F3151EFA569E00D72D8B /* Debug */,
				CB00F3161EFA569E00D72D8B /* Release */,
			);
			defaultConfigurationIsVisible = 0;
			defaultConfigurationName = Release;
		};
/* End XCConfigurationList section */
	};
	rootObject = CB00F2EE1EFA569E00D72D8B /* Project object */;
}
